
Microsoft Visual Studio Solution File, Format Version 12.00
# Visual Studio Version 17
VisualStudioVersion = 17.14.36717.8
MinimumVisualStudioVersion = 10.0.40219.1
Project("{FAE04EC0-301F-11D3-BF4B-00C04F79EFBC}") = "CarSharePlus", "CarSharePlus\CarSharePlus.csproj", "{9294B52B-9961-4EEB-899B-6179403930DE}"
EndProject
Project("{FAE04EC0-301F-11D3-BF4B-00C04F79EFBC}") = "CarSharePlus.Mobile", "..\CarSharePlus.Mobile\CarSharePlus.Mobile\CarSharePlus.Mobile.csproj", "{179ED6C4-9A33-A506-F3C3-188842A93B99}"
EndProject
Project("{FAE04EC0-301F-11D3-BF4B-00C04F79EFBC}") = "CarSharePlus.Shared", "CarSharePlus.Shared\CarSharePlus.Shared.csproj", "{4C03028E-4B8A-41E6-A38F-197463ED2142}"
EndProject
Global
	GlobalSection(SolutionConfigurationPlatforms) = preSolution
		Debug|Any CPU = Debug|Any CPU
		Release|Any CPU = Release|Any CPU
	EndGlobalSection
	GlobalSection(ProjectConfigurationPlatforms) = postSolution
		{9294B52B-9961-4EEB-899B-6179403930DE}.Debug|Any CPU.ActiveCfg = Debug|Any CPU
		{9294B52B-9961-4EEB-899B-6179403930DE}.Debug|Any CPU.Build.0 = Debug|Any CPU
		{9294B52B-9961-4EEB-899B-6179403930DE}.Release|Any CPU.ActiveCfg = Release|Any CPU
		{9294B52B-9961-4EEB-899B-6179403930DE}.Release|Any CPU.Build.0 = Release|Any CPU
		{179ED6C4-9A33-A506-F3C3-188842A93B99}.Debug|Any CPU.ActiveCfg = Debug|Any CPU
		{179ED6C4-9A33-A506-F3C3-188842A93B99}.Debug|Any CPU.Build.0 = Debug|Any CPU
		{179ED6C4-9A33-A506-F3C3-188842A93B99}.Release|Any CPU.ActiveCfg = Release|Any CPU
		{179ED6C4-9A33-A506-F3C3-188842A93B99}.Release|Any CPU.Build.0 = Release|Any CPU
		{4C03028E-4B8A-41E6-A38F-197463ED2142}.Debug|Any CPU.ActiveCfg = Debug|Any CPU
		{4C03028E-4B8A-41E6-A38F-197463ED2142}.Debug|Any CPU.Build.0 = Debug|Any CPU
		{4C03028E-4B8A-41E6-A38F-197463ED2142}.Release|Any CPU.ActiveCfg = Release|Any CPU
		{4C03028E-4B8A-41E6-A38F-197463ED2142}.Release|Any CPU.Build.0 = Release|Any CPU
	EndGlobalSection
	GlobalSection(SolutionProperties) = preSolution
		HideSolutionNode = FALSE
	EndGlobalSection
	GlobalSection(ExtensibilityGlobals) = postSolution
		SolutionGuid = {A9810790-DAC5-4981-8882-F9A2CAF5CFB1}
	EndGlobalSection
EndGlobal
